
Microsoft Visual Studio Solution File, Format Version 11.00
# Visual Studio 2010
Project("{8BC9CEB8-8B4A-11D0-8D11-00A0C91BC942}") = "opencv sample", "opencv sample\opencv sample.vcxproj", "{F33BFD35-3076-4A3C-B442-058F7C4737AC}"
EndProject
Global
	GlobalSection(SolutionConfigurationPlatforms) = preSolution
		Debug|Win32 = Debug|Win32
		Release|Win32 = Release|Win32
	EndGlobalSection
	GlobalSection(ProjectConfigurationPlatforms) = postSolution
		{F33BFD35-3076-4A3C-B442-058F7C4737AC}.Debug|Win32.ActiveCfg = Debug|Win32
		{F33BFD35-3076-4A3C-B442-058F7C4737AC}.Debug|Win32.Build.0 = Debug|Win32
		{F33BFD35-3076-4A3C-B442-058F7C4737AC}.Release|Win32.ActiveCfg = Release|Win32
		{F33BFD35-3076-4A3C-B442-058F7C4737AC}.Release|Win32.Build.0 = Release|Win32
	EndGlobalSection
	GlobalSection(SolutionProperties) = preSolution
		HideSolutionNode = FALSE
	EndGlobalSection
EndGlobal
